
Microsoft Visual Studio Solution File, Format Version 12.00
Project("{2150E333-8FDC-42A3-9474-1A3956D46DE8}") = "EntityFrameworkPart", "EntityFrameworkPart", "{2C316A44-7D50-4937-A419-7144E4B7D90B}"
EndProject
Project("{FAE04EC0-301F-11D3-BF4B-00C04F79EFBC}") = "EntityFrameworkDAL", "EntityFrameworkDAL\EntityFrameworkDAL.csproj", "{88CA4610-9F48-4E29-BF4E-64B3F9232708}"
EndProject
Project("{2150E333-8FDC-42A3-9474-1A3956D46DE8}") = "CleanArchPart", "CleanArchPart", "{99502189-68B8-4CCC-8E9F-C3CD1C68A9E8}"
EndProject
Project("{2150E333-8FDC-42A3-9474-1A3956D46DE8}") = "AdoDapperPart", "AdoDapperPart", "{EB24CCE5-6D92-462B-BBC6-D66819ECAEF6}"
EndProject
Project("{FAE04EC0-301F-11D3-BF4B-00C04F79EFBC}") = "AdoDapperDAL", "AdoDapperDAL\AdoDapperDAL.csproj", "{88B94139-0010-45A5-85A1-448E92B5A0FB}"
EndProject
Project("{FAE04EC0-301F-11D3-BF4B-00C04F79EFBC}") = "AdoDapperBLL", "AdoDapperBLL\AdoDapperBLL.csproj", "{03F4BC26-3A8C-4B78-96D9-BDB1CC50E329}"
EndProject
Project("{FAE04EC0-301F-11D3-BF4B-00C04F79EFBC}") = "AdoDapperAPI", "AdoDapperAPI\AdoDapperAPI.csproj", "{F02C8FE5-A4D1-438A-8BE8-7C85F84C2097}"
EndProject
Project("{FAE04EC0-301F-11D3-BF4B-00C04F79EFBC}") = "CleanArchAPI", "CleanArchAPI\CleanArchAPI.csproj", "{A4378CE1-0AC2-47A3-9513-BC94629026BD}"
EndProject
Project("{FAE04EC0-301F-11D3-BF4B-00C04F79EFBC}") = "CleanArch_Application", "CleanArch_Application\CleanArch_Application.csproj", "{8F4F5398-D3CA-4A8E-8276-122A6150C7F7}"
EndProject
Project("{FAE04EC0-301F-11D3-BF4B-00C04F79EFBC}") = "CleanArch_Domain", "CleanArch_Domain\CleanArch_Domain.csproj", "{5BA9D8EB-F265-4643-9120-159C28995E75}"
EndProject
Project("{FAE04EC0-301F-11D3-BF4B-00C04F79EFBC}") = "CleanArch_Infrastructure", "CleanArch_Infrastructure\CleanArch_Infrastructure.csproj", "{6CD06D2F-6ADF-4997-BE48-3FB5B3BDA76B}"
EndProject
Project("{FAE04EC0-301F-11D3-BF4B-00C04F79EFBC}") = "EntityFrameworkBLL", "EntityFrameworkBLL\EntityFrameworkBLL.csproj", "{EA1B8408-0F9D-42DE-A4FF-2CC28D097B7C}"
EndProject
Project("{FAE04EC0-301F-11D3-BF4B-00C04F79EFBC}") = "EntityFrameworkAPI", "EntityFrameworkAPI\EntityFrameworkAPI.csproj", "{06A918E3-E7A3-4315-9EDD-4D995E1DE657}"
EndProject
Project("{FAE04EC0-301F-11D3-BF4B-00C04F79EFBC}") = "BlazorApp", "BlazorApp\BlazorApp.csproj", "{61174402-D75F-4AC8-9CD0-D3E28FD82AA8}"
EndProject
Global
	GlobalSection(SolutionConfigurationPlatforms) = preSolution
		Debug|Any CPU = Debug|Any CPU
		Release|Any CPU = Release|Any CPU
	EndGlobalSection
	GlobalSection(ProjectConfigurationPlatforms) = postSolution
		{88CA4610-9F48-4E29-BF4E-64B3F9232708}.Debug|Any CPU.ActiveCfg = Debug|Any CPU
		{88CA4610-9F48-4E29-BF4E-64B3F9232708}.Debug|Any CPU.Build.0 = Debug|Any CPU
		{88CA4610-9F48-4E29-BF4E-64B3F9232708}.Release|Any CPU.ActiveCfg = Release|Any CPU
		{88CA4610-9F48-4E29-BF4E-64B3F9232708}.Release|Any CPU.Build.0 = Release|Any CPU
		{88B94139-0010-45A5-85A1-448E92B5A0FB}.Debug|Any CPU.ActiveCfg = Debug|Any CPU
		{88B94139-0010-45A5-85A1-448E92B5A0FB}.Debug|Any CPU.Build.0 = Debug|Any CPU
		{88B94139-0010-45A5-85A1-448E92B5A0FB}.Release|Any CPU.ActiveCfg = Release|Any CPU
		{88B94139-0010-45A5-85A1-448E92B5A0FB}.Release|Any CPU.Build.0 = Release|Any CPU
		{03F4BC26-3A8C-4B78-96D9-BDB1CC50E329}.Debug|Any CPU.ActiveCfg = Debug|Any CPU
		{03F4BC26-3A8C-4B78-96D9-BDB1CC50E329}.Debug|Any CPU.Build.0 = Debug|Any CPU
		{03F4BC26-3A8C-4B78-96D9-BDB1CC50E329}.Release|Any CPU.ActiveCfg = Release|Any CPU
		{03F4BC26-3A8C-4B78-96D9-BDB1CC50E329}.Release|Any CPU.Build.0 = Release|Any CPU
		{F02C8FE5-A4D1-438A-8BE8-7C85F84C2097}.Debug|Any CPU.ActiveCfg = Debug|Any CPU
		{F02C8FE5-A4D1-438A-8BE8-7C85F84C2097}.Debug|Any CPU.Build.0 = Debug|Any CPU
		{F02C8FE5-A4D1-438A-8BE8-7C85F84C2097}.Release|Any CPU.ActiveCfg = Release|Any CPU
		{F02C8FE5-A4D1-438A-8BE8-7C85F84C2097}.Release|Any CPU.Build.0 = Release|Any CPU
		{A4378CE1-0AC2-47A3-9513-BC94629026BD}.Debug|Any CPU.ActiveCfg = Debug|Any CPU
		{A4378CE1-0AC2-47A3-9513-BC94629026BD}.Debug|Any CPU.Build.0 = Debug|Any CPU
		{A4378CE1-0AC2-47A3-9513-BC94629026BD}.Release|Any CPU.ActiveCfg = Release|Any CPU
		{A4378CE1-0AC2-47A3-9513-BC94629026BD}.Release|Any CPU.Build.0 = Release|Any CPU
		{8F4F5398-D3CA-4A8E-8276-122A6150C7F7}.Debug|Any CPU.ActiveCfg = Debug|Any CPU
		{8F4F5398-D3CA-4A8E-8276-122A6150C7F7}.Debug|Any CPU.Build.0 = Debug|Any CPU
		{8F4F5398-D3CA-4A8E-8276-122A6150C7F7}.Release|Any CPU.ActiveCfg = Release|Any CPU
		{8F4F5398-D3CA-4A8E-8276-122A6150C7F7}.Release|Any CPU.Build.0 = Release|Any CPU
		{5BA9D8EB-F265-4643-9120-159C28995E75}.Debug|Any CPU.ActiveCfg = Debug|Any CPU
		{5BA9D8EB-F265-4643-9120-159C28995E75}.Debug|Any CPU.Build.0 = Debug|Any CPU
		{5BA9D8EB-F265-4643-9120-159C28995E75}.Release|Any CPU.ActiveCfg = Release|Any CPU
		{5BA9D8EB-F265-4643-9120-159C28995E75}.Release|Any CPU.Build.0 = Release|Any CPU
		{6CD06D2F-6ADF-4997-BE48-3FB5B3BDA76B}.Debug|Any CPU.ActiveCfg = Debug|Any CPU
		{6CD06D2F-6ADF-4997-BE48-3FB5B3BDA76B}.Debug|Any CPU.Build.0 = Debug|Any CPU
		{6CD06D2F-6ADF-4997-BE48-3FB5B3BDA76B}.Release|Any CPU.ActiveCfg = Release|Any CPU
		{6CD06D2F-6ADF-4997-BE48-3FB5B3BDA76B}.Release|Any CPU.Build.0 = Release|Any CPU
		{EA1B8408-0F9D-42DE-A4FF-2CC28D097B7C}.Debug|Any CPU.ActiveCfg = Debug|Any CPU
		{EA1B8408-0F9D-42DE-A4FF-2CC28D097B7C}.Debug|Any CPU.Build.0 = Debug|Any CPU
		{EA1B8408-0F9D-42DE-A4FF-2CC28D097B7C}.Release|Any CPU.ActiveCfg = Release|Any CPU
		{EA1B8408-0F9D-42DE-A4FF-2CC28D097B7C}.Release|Any CPU.Build.0 = Release|Any CPU
		{06A918E3-E7A3-4315-9EDD-4D995E1DE657}.Debug|Any CPU.ActiveCfg = Debug|Any CPU
		{06A918E3-E7A3-4315-9EDD-4D995E1DE657}.Debug|Any CPU.Build.0 = Debug|Any CPU
		{06A918E3-E7A3-4315-9EDD-4D995E1DE657}.Release|Any CPU.ActiveCfg = Release|Any CPU
		{06A918E3-E7A3-4315-9EDD-4D995E1DE657}.Release|Any CPU.Build.0 = Release|Any CPU
		{61174402-D75F-4AC8-9CD0-D3E28FD82AA8}.Debug|Any CPU.ActiveCfg = Debug|Any CPU
		{61174402-D75F-4AC8-9CD0-D3E28FD82AA8}.Debug|Any CPU.Build.0 = Debug|Any CPU
		{61174402-D75F-4AC8-9CD0-D3E28FD82AA8}.Release|Any CPU.ActiveCfg = Release|Any CPU
		{61174402-D75F-4AC8-9CD0-D3E28FD82AA8}.Release|Any CPU.Build.0 = Release|Any CPU
	EndGlobalSection
	GlobalSection(NestedProjects) = preSolution
		{88CA4610-9F48-4E29-BF4E-64B3F9232708} = {2C316A44-7D50-4937-A419-7144E4B7D90B}
		{88B94139-0010-45A5-85A1-448E92B5A0FB} = {EB24CCE5-6D92-462B-BBC6-D66819ECAEF6}
		{03F4BC26-3A8C-4B78-96D9-BDB1CC50E329} = {EB24CCE5-6D92-462B-BBC6-D66819ECAEF6}
		{F02C8FE5-A4D1-438A-8BE8-7C85F84C2097} = {EB24CCE5-6D92-462B-BBC6-D66819ECAEF6}
		{A4378CE1-0AC2-47A3-9513-BC94629026BD} = {99502189-68B8-4CCC-8E9F-C3CD1C68A9E8}
		{8F4F5398-D3CA-4A8E-8276-122A6150C7F7} = {99502189-68B8-4CCC-8E9F-C3CD1C68A9E8}
		{5BA9D8EB-F265-4643-9120-159C28995E75} = {99502189-68B8-4CCC-8E9F-C3CD1C68A9E8}
		{6CD06D2F-6ADF-4997-BE48-3FB5B3BDA76B} = {99502189-68B8-4CCC-8E9F-C3CD1C68A9E8}
		{EA1B8408-0F9D-42DE-A4FF-2CC28D097B7C} = {2C316A44-7D50-4937-A419-7144E4B7D90B}
		{06A918E3-E7A3-4315-9EDD-4D995E1DE657} = {2C316A44-7D50-4937-A419-7144E4B7D90B}
	EndGlobalSection
EndGlobal
